
Microsoft Visual Studio Solution File, Format Version 12.00
# Visual Studio Version 17
VisualStudioVersion = 17.13.35931.197 d17.13
MinimumVisualStudioVersion = 10.0.40219.1
Project("{FAE04EC0-301F-11D3-BF4B-00C04F79EFBC}") = "CapstoneTraineeManagement", "CapstoneTraineeManagement\CapstoneTraineeManagement.csproj", "{223EB3F9-5AA1-41A0-B69B-299DE6F8E7A7}"
EndProject
Global
	GlobalSection(SolutionConfigurationPlatforms) = preSolution
		Debug|Any CPU = Debug|Any CPU
		Release|Any CPU = Release|Any CPU
	EndGlobalSection
	GlobalSection(ProjectConfigurationPlatforms) = postSolution
		{223EB3F9-5AA1-41A0-B69B-299DE6F8E7A7}.Debug|Any CPU.ActiveCfg = Debug|Any CPU
		{223EB3F9-5AA1-41A0-B69B-299DE6F8E7A7}.Debug|Any CPU.Build.0 = Debug|Any CPU
		{223EB3F9-5AA1-41A0-B69B-299DE6F8E7A7}.Release|Any CPU.ActiveCfg = Release|Any CPU
		{223EB3F9-5AA1-41A0-B69B-299DE6F8E7A7}.Release|Any CPU.Build.0 = Release|Any CPU
	EndGlobalSection
	GlobalSection(SolutionProperties) = preSolution
		HideSolutionNode = FALSE
	EndGlobalSection
	GlobalSection(ExtensibilityGlobals) = postSolution
		SolutionGuid = {8A0B7760-DDE7-4B9E-BFCE-73F71C5482F4}
	EndGlobalSection
EndGlobal
